
Microsoft Visual Studio Solution File, Format Version 12.00
# Visual Studio Version 17
VisualStudioVersion = 17.5.002.0
MinimumVisualStudioVersion = 10.0.40219.1
Project("{9A19103F-16F7-4668-BE54-9A1E7A4F7556}") = "TheWeatherInDeather", "TheWeatherInDeather.csproj", "{EDE0D6CF-2F6D-4C0A-8977-AD8160A442E0}"
EndProject
Global
	GlobalSection(SolutionConfigurationPlatforms) = preSolution
		Debug|Any CPU = Debug|Any CPU
		Release|Any CPU = Release|Any CPU
	EndGlobalSection
	GlobalSection(ProjectConfigurationPlatforms) = postSolution
		{EDE0D6CF-2F6D-4C0A-8977-AD8160A442E0}.Debug|Any CPU.ActiveCfg = Debug|Any CPU
		{EDE0D6CF-2F6D-4C0A-8977-AD8160A442E0}.Debug|Any CPU.Build.0 = Debug|Any CPU
		{EDE0D6CF-2F6D-4C0A-8977-AD8160A442E0}.Release|Any CPU.ActiveCfg = Release|Any CPU
		{EDE0D6CF-2F6D-4C0A-8977-AD8160A442E0}.Release|Any CPU.Build.0 = Release|Any CPU
	EndGlobalSection
	GlobalSection(SolutionProperties) = preSolution
		HideSolutionNode = FALSE
	EndGlobalSection
	GlobalSection(ExtensibilityGlobals) = postSolution
		SolutionGuid = {2EB48531-0629-4A79-BE0E-F7470F43A0A4}
	EndGlobalSection
EndGlobal
